// !$*UTF8*$!
{
	archiveVersion = 1;
	classes = {
	};
	objectVersion = 46;
	objects = {

/* Begin PBXBuildFile section */
		6581EFE11872F7AA00AFFB1D /* JTKeyboardGestureRecognizer.m in Sources */ = {isa = PBXBuildFile; fileRef = 6581EFE01872F7A900AFFB1D /* JTKeyboardGestureRecognizer.m */; };
		65B7A9B8186D56A000D16576 /* UIKit.framework in Frameworks */ = {isa = PBXBuildFile; fileRef = 65B7A9B7186D56A000D16576 /* UIKit.framework */; };
		65B7A9BA186D56A000D16576 /* Foundation.framework in Frameworks */ = {isa = PBXBuildFile; fileRef = 65B7A9B9186D56A000D16576 /* Foundation.framework */; };
		65B7A9BC186D56A000D16576 /* CoreGraphics.framework in Frameworks */ = {isa = PBXBuildFile; fileRef = 65B7A9BB186D56A000D16576 /* CoreGraphics.framework */; };
		65B7A9C2186D56A000D16576 /* InfoPlist.strings in Resources */ = {isa = PBXBuildFile; fileRef = 65B7A9C0186D56A000D16576 /* InfoPlist.strings */; };
		65B7A9C4186D56A000D16576 /* main.m in Sources */ = {isa = PBXBuildFile; fileRef = 65B7A9C3186D56A000D16576 /* main.m */; };
		65B7A9C8186D56A000D16576 /* JTAppDelegate.m in Sources */ = {isa = PBXBuildFile; fileRef = 65B7A9C7186D56A000D16576 /* JTAppDelegate.m */; };
		65B7A9CB186D56A000D16576 /* MainStoryboard_iPhone.storyboard in Resources */ = {isa = PBXBuildFile; fileRef = 65B7A9C9186D56A000D16576 /* MainStoryboard_iPhone.storyboard */; };
		65B7A9CE186D56A000D16576 /* MainStoryboard_iPad.storyboard in Resources */ = {isa = PBXBuildFile; fileRef = 65B7A9CC186D56A000D16576 /* MainStoryboard_iPad.storyboard */; };
		65B7A9D1186D56A000D16576 /* JTViewController.m in Sources */ = {isa = PBXBuildFile; fileRef = 65B7A9D0186D56A000D16576 /* JTViewController.m */; };
		65B7A9D9186D56A000D16576 /* SenTestingKit.framework in Frameworks */ = {isa = PBXBuildFile; fileRef = 65B7A9D8186D56A000D16576 /* SenTestingKit.framework */; };
		65B7A9DA186D56A000D16576 /* UIKit.framework in Frameworks */ = {isa = PBXBuildFile; fileRef = 65B7A9B7186D56A000D16576 /* UIKit.framework */; };
		65B7A9DB186D56A000D16576 /* Foundation.framework in Frameworks */ = {isa = PBXBuildFile; fileRef = 65B7A9B9186D56A000D16576 /* Foundation.framework */; };
		65B7A9E3186D56A000D16576 /* InfoPlist.strings in Resources */ = {isa = PBXBuildFile; fileRef = 65B7A9E1186D56A000D16576 /* InfoPlist.strings */; };
		65B7A9E6186D56A000D16576 /* JustTypeTests.m in Sources */ = {isa = PBXBuildFile; fileRef = 65B7A9E5186D56A000D16576 /* JustTypeTests.m */; };
		65B7A9F2186D57D400D16576 /* JTKeyboardListener.m in Sources */ = {isa = PBXBuildFile; fileRef = 65B7A9F1186D57D400D16576 /* JTKeyboardListener.m */; };
		65B7A9F5186D581300D16576 /* JTTextController.m in Sources */ = {isa = PBXBuildFile; fileRef = 65B7A9F4186D581300D16576 /* JTTextController.m */; };
		65B7A9FB186D589300D16576 /* JTSyntaxSeperatorWord.m in Sources */ = {isa = PBXBuildFile; fileRef = 65B7A9FA186D589300D16576 /* JTSyntaxSeperatorWord.m */; };
		65B7A9FE186D590F00D16576 /* JTSyntaxLinguisticWord.m in Sources */ = {isa = PBXBuildFile; fileRef = 65B7A9FD186D590F00D16576 /* JTSyntaxLinguisticWord.m */; };
		65B7AA02186D59BF00D16576 /* JTTextView.m in Sources */ = {isa = PBXBuildFile; fileRef = 65B7AA01186D59BF00D16576 /* JTTextView.m */; };
		65B7AA05186D59E000D16576 /* JTTextField.m in Sources */ = {isa = PBXBuildFile; fileRef = 65B7AA04186D59E000D16576 /* JTTextField.m */; };
		65B7AA08186D5A8900D16576 /* JTKeyboardOverlayView.m in Sources */ = {isa = PBXBuildFile; fileRef = 65B7AA07186D5A8900D16576 /* JTKeyboardOverlayView.m */; };
		65B7AA0B186D5AA400D16576 /* JTKeyboardAttachmentView.m in Sources */ = {isa = PBXBuildFile; fileRef = 65B7AA0A186D5AA400D16576 /* JTKeyboardAttachmentView.m */; };
		65B7AA13186D66DB00D16576 /* QuartzCore.framework in Frameworks */ = {isa = PBXBuildFile; fileRef = 65B7AA11186D66CE00D16576 /* QuartzCore.framework */; };
		65B7AA16186D6E1700D16576 /* NSString+JTExtension.m in Sources */ = {isa = PBXBuildFile; fileRef = 65B7AA15186D6E1700D16576 /* NSString+JTExtension.m */; };
		65D66F89186DFDD000302F2F /* JTTextViewMediatorDelegate.m in Sources */ = {isa = PBXBuildFile; fileRef = 65D66F88186DFDD000302F2F /* JTTextViewMediatorDelegate.m */; };
/* End PBXBuildFile section */

/* Begin PBXContainerItemProxy section */
		65B7A9DC186D56A000D16576 /* PBXContainerItemProxy */ = {
			isa = PBXContainerItemProxy;
			containerPortal = 65B7A9AA186D56A000D16576 /* Project object */;
			proxyType = 1;
			remoteGlobalIDString = 65B7A9B2186D56A000D16576;
			remoteInfo = JustType;
		};
/* End PBXContainerItemProxy section */

/* Begin PBXFileReference section */
		6581EFDF1872F7A900AFFB1D /* JTKeyboardGestureRecognizer.h */ = {isa = PBXFileReference; fileEncoding = 4; lastKnownFileType = sourcecode.c.h; path = JTKeyboardGestureRecognizer.h; sourceTree = "<group>"; };
		6581EFE01872F7A900AFFB1D /* JTKeyboardGestureRecognizer.m */ = {isa = PBXFileReference; fileEncoding = 4; lastKnownFileType = sourcecode.c.objc; path = JTKeyboardGestureRecognizer.m; sourceTree = "<group>"; };
		65B7A9B3186D56A000D16576 /* JustType.app */ = {isa = PBXFileReference; explicitFileType = wrapper.application; includeInIndex = 0; path = JustType.app; sourceTree = BUILT_PRODUCTS_DIR; };
		65B7A9B7186D56A000D16576 /* UIKit.framework */ = {isa = PBXFileReference; lastKnownFileType = wrapper.framework; name = UIKit.framework; path = System/Library/Frameworks/UIKit.framework; sourceTree = SDKROOT; };
		65B7A9B9186D56A000D16576 /* Foundation.framework */ = {isa = PBXFileReference; lastKnownFileType = wrapper.framework; name = Foundation.framework; path = System/Library/Frameworks/Foundation.framework; sourceTree = SDKROOT; };
		65B7A9BB186D56A000D16576 /* CoreGraphics.framework */ = {isa = PBXFileReference; lastKnownFileType = wrapper.framework; name = CoreGraphics.framework; path = System/Library/Frameworks/CoreGraphics.framework; sourceTree = SDKROOT; };
		65B7A9BF186D56A000D16576 /* JustType-Info.plist */ = {isa = PBXFileReference; lastKnownFileType = text.plist.xml; path = "JustType-Info.plist"; sourceTree = "<group>"; };
		65B7A9C1186D56A000D16576 /* en */ = {isa = PBXFileReference; lastKnownFileType = text.plist.strings; name = en; path = en.lproj/InfoPlist.strings; sourceTree = "<group>"; };
		65B7A9C3186D56A000D16576 /* main.m */ = {isa = PBXFileReference; lastKnownFileType = sourcecode.c.objc; path = main.m; sourceTree = "<group>"; };
		65B7A9C5186D56A000D16576 /* JustType-Prefix.pch */ = {isa = PBXFileReference; lastKnownFileType = sourcecode.c.h; path = "JustType-Prefix.pch"; sourceTree = "<group>"; };
		65B7A9C6186D56A000D16576 /* JTAppDelegate.h */ = {isa = PBXFileReference; lastKnownFileType = sourcecode.c.h; path = JTAppDelegate.h; sourceTree = "<group>"; };
		65B7A9C7186D56A000D16576 /* JTAppDelegate.m */ = {isa = PBXFileReference; lastKnownFileType = sourcecode.c.objc; path = JTAppDelegate.m; sourceTree = "<group>"; };
		65B7A9CA186D56A000D16576 /* en */ = {isa = PBXFileReference; lastKnownFileType = file.storyboard; name = en; path = en.lproj/MainStoryboard_iPhone.storyboard; sourceTree = "<group>"; };
		65B7A9CD186D56A000D16576 /* en */ = {isa = PBXFileReference; lastKnownFileType = file.storyboard; name = en; path = en.lproj/MainStoryboard_iPad.storyboard; sourceTree = "<group>"; };
		65B7A9CF186D56A000D16576 /* JTViewController.h */ = {isa = PBXFileReference; lastKnownFileType = sourcecode.c.h; path = JTViewController.h; sourceTree = "<group>"; };
		65B7A9D0186D56A000D16576 /* JTViewController.m */ = {isa = PBXFileReference; lastKnownFileType = sourcecode.c.objc; path = JTViewController.m; sourceTree = "<group>"; };
		65B7A9D7186D56A000D16576 /* JustTypeTests.octest */ = {isa = PBXFileReference; explicitFileType = wrapper.cfbundle; includeInIndex = 0; path = JustTypeTests.octest; sourceTree = BUILT_PRODUCTS_DIR; };
		65B7A9D8186D56A000D16576 /* SenTestingKit.framework */ = {isa = PBXFileReference; lastKnownFileType = wrapper.framework; name = SenTestingKit.framework; path = Library/Frameworks/SenTestingKit.framework; sourceTree = DEVELOPER_DIR; };
		65B7A9E0186D56A000D16576 /* JustTypeTests-Info.plist */ = {isa = PBXFileReference; lastKnownFileType = text.plist.xml; path = "JustTypeTests-Info.plist"; sourceTree = "<group>"; };
		65B7A9E2186D56A000D16576 /* en */ = {isa = PBXFileReference; lastKnownFileType = text.plist.strings; name = en; path = en.lproj/InfoPlist.strings; sourceTree = "<group>"; };
		65B7A9E4186D56A000D16576 /* JustTypeTests.h */ = {isa = PBXFileReference; lastKnownFileType = sourcecode.c.h; path = JustTypeTests.h; sourceTree = "<group>"; };
		65B7A9E5186D56A000D16576 /* JustTypeTests.m */ = {isa = PBXFileReference; lastKnownFileType = sourcecode.c.objc; path = JustTypeTests.m; sourceTree = "<group>"; };
		65B7A9F0186D57D400D16576 /* JTKeyboardListener.h */ = {isa = PBXFileReference; fileEncoding = 4; lastKnownFileType = sourcecode.c.h; path = JTKeyboardListener.h; sourceTree = "<group>"; };
		65B7A9F1186D57D400D16576 /* JTKeyboardListener.m */ = {isa = PBXFileReference; fileEncoding = 4; lastKnownFileType = sourcecode.c.objc; path = JTKeyboardListener.m; sourceTree = "<group>"; };
		65B7A9F3186D581300D16576 /* JTTextController.h */ = {isa = PBXFileReference; fileEncoding = 4; lastKnownFileType = sourcecode.c.h; path = JTTextController.h; sourceTree = "<group>"; };
		65B7A9F4186D581300D16576 /* JTTextController.m */ = {isa = PBXFileReference; fileEncoding = 4; lastKnownFileType = sourcecode.c.objc; path = JTTextController.m; sourceTree = "<group>"; };
		65B7A9F9186D589300D16576 /* JTSyntaxSeperatorWord.h */ = {isa = PBXFileReference; fileEncoding = 4; lastKnownFileType = sourcecode.c.h; path = JTSyntaxSeperatorWord.h; sourceTree = "<group>"; };
		65B7A9FA186D589300D16576 /* JTSyntaxSeperatorWord.m */ = {isa = PBXFileReference; fileEncoding = 4; lastKnownFileType = sourcecode.c.objc; path = JTSyntaxSeperatorWord.m; sourceTree = "<group>"; };
		65B7A9FC186D590F00D16576 /* JTSyntaxLinguisticWord.h */ = {isa = PBXFileReference; fileEncoding = 4; lastKnownFileType = sourcecode.c.h; path = JTSyntaxLinguisticWord.h; sourceTree = "<group>"; };
		65B7A9FD186D590F00D16576 /* JTSyntaxLinguisticWord.m */ = {isa = PBXFileReference; fileEncoding = 4; lastKnownFileType = sourcecode.c.objc; path = JTSyntaxLinguisticWord.m; sourceTree = "<group>"; };
		65B7A9FF186D592F00D16576 /* JTSyntaxWord.h */ = {isa = PBXFileReference; fileEncoding = 4; lastKnownFileType = sourcecode.c.h; path = JTSyntaxWord.h; sourceTree = "<group>"; };
		65B7AA00186D59BF00D16576 /* JTTextView.h */ = {isa = PBXFileReference; fileEncoding = 4; lastKnownFileType = sourcecode.c.h; path = JTTextView.h; sourceTree = "<group>"; };
		65B7AA01186D59BF00D16576 /* JTTextView.m */ = {isa = PBXFileReference; fileEncoding = 4; lastKnownFileType = sourcecode.c.objc; path = JTTextView.m; sourceTree = "<group>"; };
		65B7AA03186D59E000D16576 /* JTTextField.h */ = {isa = PBXFileReference; fileEncoding = 4; lastKnownFileType = sourcecode.c.h; path = JTTextField.h; sourceTree = "<group>"; };
		65B7AA04186D59E000D16576 /* JTTextField.m */ = {isa = PBXFileReference; fileEncoding = 4; lastKnownFileType = sourcecode.c.objc; path = JTTextField.m; sourceTree = "<group>"; };
		65B7AA06186D5A8900D16576 /* JTKeyboardOverlayView.h */ = {isa = PBXFileReference; fileEncoding = 4; lastKnownFileType = sourcecode.c.h; path = JTKeyboardOverlayView.h; sourceTree = "<group>"; };
		65B7AA07186D5A8900D16576 /* JTKeyboardOverlayView.m */ = {isa = PBXFileReference; fileEncoding = 4; lastKnownFileType = sourcecode.c.objc; path = JTKeyboardOverlayView.m; sourceTree = "<group>"; };
		65B7AA09186D5AA300D16576 /* JTKeyboardAttachmentView.h */ = {isa = PBXFileReference; fileEncoding = 4; lastKnownFileType = sourcecode.c.h; path = JTKeyboardAttachmentView.h; sourceTree = "<group>"; };
		65B7AA0A186D5AA400D16576 /* JTKeyboardAttachmentView.m */ = {isa = PBXFileReference; fileEncoding = 4; lastKnownFileType = sourcecode.c.objc; path = JTKeyboardAttachmentView.m; sourceTree = "<group>"; };
		65B7AA0F186D5CC600D16576 /* JTKeyboardHeaders.h */ = {isa = PBXFileReference; fileEncoding = 4; lastKnownFileType = sourcecode.c.h; path = JTKeyboardHeaders.h; sourceTree = "<group>"; };
		65B7AA10186D5D1100D16576 /* JustType.h */ = {isa = PBXFileReference; fileEncoding = 4; lastKnownFileType = sourcecode.c.h; path = JustType.h; sourceTree = "<group>"; };
		65B7AA11186D66CE00D16576 /* QuartzCore.framework */ = {isa = PBXFileReference; lastKnownFileType = wrapper.framework; name = QuartzCore.framework; path = System/Library/Frameworks/QuartzCore.framework; sourceTree = SDKROOT; };
		65B7AA14186D6E1700D16576 /* NSString+JTExtension.h */ = {isa = PBXFileReference; fileEncoding = 4; lastKnownFileType = sourcecode.c.h; path = "NSString+JTExtension.h"; sourceTree = "<group>"; };
		65B7AA15186D6E1700D16576 /* NSString+JTExtension.m */ = {isa = PBXFileReference; fileEncoding = 4; lastKnownFileType = sourcecode.c.objc; path = "NSString+JTExtension.m"; sourceTree = "<group>"; };
		65D66F87186DFDD000302F2F /* JTTextViewMediatorDelegate.h */ = {isa = PBXFileReference; fileEncoding = 4; lastKnownFileType = sourcecode.c.h; path = JTTextViewMediatorDelegate.h; sourceTree = "<group>"; };
		65D66F88186DFDD000302F2F /* JTTextViewMediatorDelegate.m */ = {isa = PBXFileReference; fileEncoding = 4; lastKnownFileType = sourcecode.c.objc; path = JTTextViewMediatorDelegate.m; sourceTree = "<group>"; };
/* End PBXFileReference section */

/* Begin PBXFrameworksBuildPhase section */
		65B7A9B0186D56A000D16576 /* Frameworks */ = {
			isa = PBXFrameworksBuildPhase;
			buildActionMask = 2147483647;
			files = (
				65B7A9B8186D56A000D16576 /* UIKit.framework in Frameworks */,
				65B7A9BA186D56A000D16576 /* Foundation.framework in Frameworks */,
				65B7A9BC186D56A000D16576 /* CoreGraphics.framework in Frameworks */,
				65B7AA13186D66DB00D16576 /* QuartzCore.framework in Frameworks */,
			);
			runOnlyForDeploymentPostprocessing = 0;
		};
		65B7A9D3186D56A000D16576 /* Frameworks */ = {
			isa = PBXFrameworksBuildPhase;
			buildActionMask = 2147483647;
			files = (
				65B7A9D9186D56A000D16576 /* SenTestingKit.framework in Frameworks */,
				65B7A9DA186D56A000D16576 /* UIKit.framework in Frameworks */,
				65B7A9DB186D56A000D16576 /* Foundation.framework in Frameworks */,
			);
			runOnlyForDeploymentPostprocessing = 0;
		};
/* End PBXFrameworksBuildPhase section */

/* Begin PBXGroup section */
		65B7A9A8186D56A000D16576 = {
			isa = PBXGroup;
			children = (
				65B7A9BD186D56A000D16576 /* JustType */,
				65B7A9DE186D56A000D16576 /* JustTypeTests */,
				65B7A9B6186D56A000D16576 /* Frameworks */,
				65B7A9B4186D56A000D16576 /* Products */,
			);
			sourceTree = "<group>";
		};
		65B7A9B4186D56A000D16576 /* Products */ = {
			isa = PBXGroup;
			children = (
				65B7A9B3186D56A000D16576 /* JustType.app */,
				65B7A9D7186D56A000D16576 /* JustTypeTests.octest */,
			);
			name = Products;
			sourceTree = "<group>";
		};
		65B7A9B6186D56A000D16576 /* Frameworks */ = {
			isa = PBXGroup;
			children = (
				65B7AA11186D66CE00D16576 /* QuartzCore.framework */,
				65B7A9B7186D56A000D16576 /* UIKit.framework */,
				65B7A9B9186D56A000D16576 /* Foundation.framework */,
				65B7A9BB186D56A000D16576 /* CoreGraphics.framework */,
				65B7A9D8186D56A000D16576 /* SenTestingKit.framework */,
			);
			name = Frameworks;
			sourceTree = "<group>";
		};
		65B7A9BD186D56A000D16576 /* JustType */ = {
			isa = PBXGroup;
			children = (
				65B7A9C6186D56A000D16576 /* JTAppDelegate.h */,
				65B7A9C7186D56A000D16576 /* JTAppDelegate.m */,
				65B7A9C9186D56A000D16576 /* MainStoryboard_iPhone.storyboard */,
				65B7A9CC186D56A000D16576 /* MainStoryboard_iPad.storyboard */,
				65B7A9CF186D56A000D16576 /* JTViewController.h */,
				65B7A9D0186D56A000D16576 /* JTViewController.m */,
				65B7A9EF186D570000D16576 /* Library */,
				65B7A9BE186D56A000D16576 /* Supporting Files */,
			);
			path = JustType;
			sourceTree = "<group>";
		};
		65B7A9BE186D56A000D16576 /* Supporting Files */ = {
			isa = PBXGroup;
			children = (
				65B7A9BF186D56A000D16576 /* JustType-Info.plist */,
				65B7A9C0186D56A000D16576 /* InfoPlist.strings */,
				65B7A9C3186D56A000D16576 /* main.m */,
				65B7A9C5186D56A000D16576 /* JustType-Prefix.pch */,
			);
			name = "Supporting Files";
			sourceTree = "<group>";
		};
		65B7A9DE186D56A000D16576 /* JustTypeTests */ = {
			isa = PBXGroup;
			children = (
				65B7A9E4186D56A000D16576 /* JustTypeTests.h */,
				65B7A9E5186D56A000D16576 /* JustTypeTests.m */,
				65B7A9DF186D56A000D16576 /* Supporting Files */,
			);
			path = JustTypeTests;
			sourceTree = "<group>";
		};
		65B7A9DF186D56A000D16576 /* Supporting Files */ = {
			isa = PBXGroup;
			children = (
				65B7A9E0186D56A000D16576 /* JustTypeTests-Info.plist */,
				65B7A9E1186D56A000D16576 /* InfoPlist.strings */,
			);
			name = "Supporting Files";
			sourceTree = "<group>";
		};
		65B7A9EF186D570000D16576 /* Library */ = {
			isa = PBXGroup;
			children = (
				65B7AA10186D5D1100D16576 /* JustType.h */,
				65B7AA0C186D5AB200D16576 /* Keyboard Gestures */,
				65B7AA0D186D5AC700D16576 /* Text Management */,
				65B7AA0E186D5AE400D16576 /* Syntax Words */,
			);
			name = Library;
			sourceTree = "<group>";
		};
		65B7AA0C186D5AB200D16576 /* Keyboard Gestures */ = {
			isa = PBXGroup;
			children = (
				65B7AA0F186D5CC600D16576 /* JTKeyboardHeaders.h */,
				65B7A9F0186D57D400D16576 /* JTKeyboardListener.h */,
				65B7A9F1186D57D400D16576 /* JTKeyboardListener.m */,
				65B7AA06186D5A8900D16576 /* JTKeyboardOverlayView.h */,
				65B7AA07186D5A8900D16576 /* JTKeyboardOverlayView.m */,
				65B7AA09186D5AA300D16576 /* JTKeyboardAttachmentView.h */,
				65B7AA0A186D5AA400D16576 /* JTKeyboardAttachmentView.m */,
				6581EFDF1872F7A900AFFB1D /* JTKeyboardGestureRecognizer.h */,
				6581EFE01872F7A900AFFB1D /* JTKeyboardGestureRecognizer.m */,
			);
			name = "Keyboard Gestures";
			sourceTree = "<group>";
		};
		65B7AA0D186D5AC700D16576 /* Text Management */ = {
			isa = PBXGroup;
			children = (
				65B7AA03186D59E000D16576 /* JTTextField.h */,
				65B7AA04186D59E000D16576 /* JTTextField.m */,
				65B7AA00186D59BF00D16576 /* JTTextView.h */,
				65B7AA01186D59BF00D16576 /* JTTextView.m */,
				65D66F87186DFDD000302F2F /* JTTextViewMediatorDelegate.h */,
				65D66F88186DFDD000302F2F /* JTTextViewMediatorDelegate.m */,
				65B7A9F3186D581300D16576 /* JTTextController.h */,
				65B7A9F4186D581300D16576 /* JTTextController.m */,
			);
			name = "Text Management";
			sourceTree = "<group>";
		};
		65B7AA0E186D5AE400D16576 /* Syntax Words */ = {
			isa = PBXGroup;
			children = (
				65B7A9FF186D592F00D16576 /* JTSyntaxWord.h */,
				65B7A9FC186D590F00D16576 /* JTSyntaxLinguisticWord.h */,
				65B7A9FD186D590F00D16576 /* JTSyntaxLinguisticWord.m */,
				65B7A9F9186D589300D16576 /* JTSyntaxSeperatorWord.h */,
				65B7A9FA186D589300D16576 /* JTSyntaxSeperatorWord.m */,
				65B7AA14186D6E1700D16576 /* NSString+JTExtension.h */,
				65B7AA15186D6E1700D16576 /* NSString+JTExtension.m */,
			);
			name = "Syntax Words";
			sourceTree = "<group>";
		};
/* End PBXGroup section */

/* Begin PBXNativeTarget section */
		65B7A9B2186D56A000D16576 /* JustType */ = {
			isa = PBXNativeTarget;
			buildConfigurationList = 65B7A9E9186D56A000D16576 /* Build configuration list for PBXNativeTarget "JustType" */;
			buildPhases = (
				65B7A9AF186D56A000D16576 /* Sources */,
				65B7A9B0186D56A000D16576 /* Frameworks */,
				65B7A9B1186D56A000D16576 /* Resources */,
			);
			buildRules = (
			);
			dependencies = (
			);
			name = JustType;
			productName = JustType;
			productReference = 65B7A9B3186D56A000D16576 /* JustType.app */;
			productType = "com.apple.product-type.application";
		};
		65B7A9D6186D56A000D16576 /* JustTypeTests */ = {
			isa = PBXNativeTarget;
			buildConfigurationList = 65B7A9EC186D56A000D16576 /* Build configuration list for PBXNativeTarget "JustTypeTests" */;
			buildPhases = (
				65B7A9D2186D56A000D16576 /* Sources */,
				65B7A9D3186D56A000D16576 /* Frameworks */,
				65B7A9D4186D56A000D16576 /* Resources */,
				65B7A9D5186D56A000D16576 /* ShellScript */,
			);
			buildRules = (
			);
			dependencies = (
				65B7A9DD186D56A000D16576 /* PBXTargetDependency */,
			);
			name = JustTypeTests;
			productName = JustTypeTests;
			productReference = 65B7A9D7186D56A000D16576 /* JustTypeTests.octest */;
			productType = "com.apple.product-type.bundle";
		};
/* End PBXNativeTarget section */

/* Begin PBXProject section */
		65B7A9AA186D56A000D16576 /* Project object */ = {
			isa = PBXProject;
			attributes = {
				LastUpgradeCheck = 0420;
			};
			buildConfigurationList = 65B7A9AD186D56A000D16576 /* Build configuration list for PBXProject "JustType" */;
			compatibilityVersion = "Xcode 3.2";
			developmentRegion = English;
			hasScannedForEncodings = 0;
			knownRegions = (
				en,
			);
			mainGroup = 65B7A9A8186D56A000D16576;
			productRefGroup = 65B7A9B4186D56A000D16576 /* Products */;
			projectDirPath = "";
			projectRoot = "";
			targets = (
				65B7A9B2186D56A000D16576 /* JustType */,
				65B7A9D6186D56A000D16576 /* JustTypeTests */,
			);
		};
/* End PBXProject section */

/* Begin PBXResourcesBuildPhase section */
		65B7A9B1186D56A000D16576 /* Resources */ = {
			isa = PBXResourcesBuildPhase;
			buildActionMask = 2147483647;
			files = (
				65B7A9C2186D56A000D16576 /* InfoPlist.strings in Resources */,
				65B7A9CB186D56A000D16576 /* MainStoryboard_iPhone.storyboard in Resources */,
				65B7A9CE186D56A000D16576 /* MainStoryboard_iPad.storyboard in Resources */,
			);
			runOnlyForDeploymentPostprocessing = 0;
		};
		65B7A9D4186D56A000D16576 /* Resources */ = {
			isa = PBXResourcesBuildPhase;
			buildActionMask = 2147483647;
			files = (
				65B7A9E3186D56A000D16576 /* InfoPlist.strings in Resources */,
			);
			runOnlyForDeploymentPostprocessing = 0;
		};
/* End PBXResourcesBuildPhase section */

/* Begin PBXShellScriptBuildPhase section */
		65B7A9D5186D56A000D16576 /* ShellScript */ = {
			isa = PBXShellScriptBuildPhase;
			buildActionMask = 2147483647;
			files = (
			);
			inputPaths = (
			);
			outputPaths = (
			);
			runOnlyForDeploymentPostprocessing = 0;
			shellPath = /bin/sh;
			shellScript = "# Run the unit tests in this test bundle.\n\"${SYSTEM_DEVELOPER_DIR}/Tools/RunUnitTests\"\n";
		};
/* End PBXShellScriptBuildPhase section */

/* Begin PBXSourcesBuildPhase section */
		65B7A9AF186D56A000D16576 /* Sources */ = {
			isa = PBXSourcesBuildPhase;
			buildActionMask = 2147483647;
			files = (
				65B7A9C4186D56A000D16576 /* main.m in Sources */,
				65B7A9C8186D56A000D16576 /* JTAppDelegate.m in Sources */,
				65B7A9D1186D56A000D16576 /* JTViewController.m in Sources */,
				65B7A9F2186D57D400D16576 /* JTKeyboardListener.m in Sources */,
				65B7A9F5186D581300D16576 /* JTTextController.m in Sources */,
				65B7A9FB186D589300D16576 /* JTSyntaxSeperatorWord.m in Sources */,
				65B7A9FE186D590F00D16576 /* JTSyntaxLinguisticWord.m in Sources */,
				65B7AA02186D59BF00D16576 /* JTTextView.m in Sources */,
				65B7AA05186D59E000D16576 /* JTTextField.m in Sources */,
				65B7AA08186D5A8900D16576 /* JTKeyboardOverlayView.m in Sources */,
				65B7AA0B186D5AA400D16576 /* JTKeyboardAttachmentView.m in Sources */,
				65B7AA16186D6E1700D16576 /* NSString+JTExtension.m in Sources */,
				65D66F89186DFDD000302F2F /* JTTextViewMediatorDelegate.m in Sources */,
				6581EFE11872F7AA00AFFB1D /* JTKeyboardGestureRecognizer.m in Sources */,
			);
			runOnlyForDeploymentPostprocessing = 0;
		};
		65B7A9D2186D56A000D16576 /* Sources */ = {
			isa = PBXSourcesBuildPhase;
			buildActionMask = 2147483647;
			files = (
				65B7A9E6186D56A000D16576 /* JustTypeTests.m in Sources */,
			);
			runOnlyForDeploymentPostprocessing = 0;
		};
/* End PBXSourcesBuildPhase section */

/* Begin PBXTargetDependency section */
		65B7A9DD186D56A000D16576 /* PBXTargetDependency */ = {
			isa = PBXTargetDependency;
			target = 65B7A9B2186D56A000D16576 /* JustType */;
			targetProxy = 65B7A9DC186D56A000D16576 /* PBXContainerItemProxy */;
		};
/* End PBXTargetDependency section */

/* Begin PBXVariantGroup section */
		65B7A9C0186D56A000D16576 /* InfoPlist.strings */ = {
			isa = PBXVariantGroup;
			children = (
				65B7A9C1186D56A000D16576 /* en */,
			);
			name = InfoPlist.strings;
			sourceTree = "<group>";
		};
		65B7A9C9186D56A000D16576 /* MainStoryboard_iPhone.storyboard */ = {
			isa = PBXVariantGroup;
			children = (
				65B7A9CA186D56A000D16576 /* en */,
			);
			name = MainStoryboard_iPhone.storyboard;
			sourceTree = "<group>";
		};
		65B7A9CC186D56A000D16576 /* MainStoryboard_iPad.storyboard */ = {
			isa = PBXVariantGroup;
			children = (
				65B7A9CD186D56A000D16576 /* en */,
			);
			name = MainStoryboard_iPad.storyboard;
			sourceTree = "<group>";
		};
		65B7A9E1186D56A000D16576 /* InfoPlist.strings */ = {
			isa = PBXVariantGroup;
			children = (
				65B7A9E2186D56A000D16576 /* en */,
			);
			name = InfoPlist.strings;
			sourceTree = "<group>";
		};
/* End PBXVariantGroup section */

/* Begin XCBuildConfiguration section */
		65B7A9E7186D56A000D16576 /* Debug */ = {
			isa = XCBuildConfiguration;
			buildSettings = {
				ALWAYS_SEARCH_USER_PATHS = NO;
				ARCHS = "$(ARCHS_STANDARD_32_BIT)";
				CLANG_ENABLE_OBJC_ARC = YES;
				"CODE_SIGN_IDENTITY[sdk=iphoneos*]" = "iPhone Developer";
				COPY_PHASE_STRIP = NO;
				GCC_C_LANGUAGE_STANDARD = gnu99;
				GCC_DYNAMIC_NO_PIC = NO;
				GCC_OPTIMIZATION_LEVEL = 0;
				GCC_PREPROCESSOR_DEFINITIONS = (
					"DEBUG=1",
					"$(inherited)",
				);
				GCC_SYMBOLS_PRIVATE_EXTERN = NO;
				GCC_VERSION = com.apple.compilers.llvm.clang.1_0;
				GCC_WARN_ABOUT_MISSING_PROTOTYPES = YES;
				GCC_WARN_ABOUT_RETURN_TYPE = YES;
				GCC_WARN_UNUSED_VARIABLE = YES;
				IPHONEOS_DEPLOYMENT_TARGET = 5.0;
				SDKROOT = iphoneos;
				TARGETED_DEVICE_FAMILY = "1,2";
			};
			name = Debug;
		};
		65B7A9E8186D56A000D16576 /* Release */ = {
			isa = XCBuildConfiguration;
			buildSettings = {
				ALWAYS_SEARCH_USER_PATHS = NO;
				ARCHS = "$(ARCHS_STANDARD_32_BIT)";
				CLANG_ENABLE_OBJC_ARC = YES;
				"CODE_SIGN_IDENTITY[sdk=iphoneos*]" = "iPhone Developer";
				COPY_PHASE_STRIP = YES;
				GCC_C_LANGUAGE_STANDARD = gnu99;
				GCC_VERSION = com.apple.compilers.llvm.clang.1_0;
				GCC_WARN_ABOUT_MISSING_PROTOTYPES = YES;
				GCC_WARN_ABOUT_RETURN_TYPE = YES;
				GCC_WARN_UNUSED_VARIABLE = YES;
				IPHONEOS_DEPLOYMENT_TARGET = 5.0;
				OTHER_CFLAGS = "-DNS_BLOCK_ASSERTIONS=1";
				SDKROOT = iphoneos;
				TARGETED_DEVICE_FAMILY = "1,2";
				VALIDATE_PRODUCT = YES;
			};
			name = Release;
		};
		65B7A9EA186D56A000D16576 /* Debug */ = {
			isa = XCBuildConfiguration;
			buildSettings = {
				GCC_PRECOMPILE_PREFIX_HEADER = YES;
				GCC_PREFIX_HEADER = "JustType/JustType-Prefix.pch";
				INFOPLIST_FILE = "JustType/JustType-Info.plist";
				PRODUCT_NAME = "$(TARGET_NAME)";
				WRAPPER_EXTENSION = app;
			};
			name = Debug;
		};
		65B7A9EB186D56A000D16576 /* Release */ = {
			isa = XCBuildConfiguration;
			buildSettings = {
				GCC_PRECOMPILE_PREFIX_HEADER = YES;
				GCC_PREFIX_HEADER = "JustType/JustType-Prefix.pch";
				INFOPLIST_FILE = "JustType/JustType-Info.plist";
				PRODUCT_NAME = "$(TARGET_NAME)";
				WRAPPER_EXTENSION = app;
			};
			name = Release;
		};
		65B7A9ED186D56A000D16576 /* Debug */ = {
			isa = XCBuildConfiguration;
			buildSettings = {
				BUNDLE_LOADER = "$(BUILT_PRODUCTS_DIR)/JustType.app/JustType";
				FRAMEWORK_SEARCH_PATHS = (
					"$(SDKROOT)/Developer/Library/Frameworks",
					"$(DEVELOPER_LIBRARY_DIR)/Frameworks",
				);
				GCC_PRECOMPILE_PREFIX_HEADER = YES;
				GCC_PREFIX_HEADER = "JustType/JustType-Prefix.pch";
				INFOPLIST_FILE = "JustTypeTests/JustTypeTests-Info.plist";
				PRODUCT_NAME = "$(TARGET_NAME)";
				TEST_HOST = "$(BUNDLE_LOADER)";
				WRAPPER_EXTENSION = octest;
			};
			name = Debug;
		};
		65B7A9EE186D56A000D16576 /* Release */ = {
			isa = XCBuildConfiguration;
			buildSettings = {
				BUNDLE_LOADER = "$(BUILT_PRODUCTS_DIR)/JustType.app/JustType";
				FRAMEWORK_SEARCH_PATHS = (
					"$(SDKROOT)/Developer/Library/Frameworks",
					"$(DEVELOPER_LIBRARY_DIR)/Frameworks",
				);
				GCC_PRECOMPILE_PREFIX_HEADER = YES;
				GCC_PREFIX_HEADER = "JustType/JustType-Prefix.pch";
				INFOPLIST_FILE = "JustTypeTests/JustTypeTests-Info.plist";
				PRODUCT_NAME = "$(TARGET_NAME)";
				TEST_HOST = "$(BUNDLE_LOADER)";
				WRAPPER_EXTENSION = octest;
			};
			name = Release;
		};
/* End XCBuildConfiguration section */

/* Begin XCConfigurationList section */
		65B7A9AD186D56A000D16576 /* Build configuration list for PBXProject "JustType" */ = {
			isa = XCConfigurationList;
			buildConfigurations = (
				65B7A9E7186D56A000D16576 /* Debug */,
				65B7A9E8186D56A000D16576 /* Release */,
			);
			defaultConfigurationIsVisible = 0;
			defaultConfigurationName = Release;
		};
		65B7A9E9186D56A000D16576 /* Build configuration list for PBXNativeTarget "JustType" */ = {
			isa = XCConfigurationList;
			buildConfigurations = (
				65B7A9EA186D56A000D16576 /* Debug */,
				65B7A9EB186D56A000D16576 /* Release */,
			);
			defaultConfigurationIsVisible = 0;
			defaultConfigurationName = Release;
		};
		65B7A9EC186D56A000D16576 /* Build configuration list for PBXNativeTarget "JustTypeTests" */ = {
			isa = XCConfigurationList;
			buildConfigurations = (
				65B7A9ED186D56A000D16576 /* Debug */,
				65B7A9EE186D56A000D16576 /* Release */,
			);
			defaultConfigurationIsVisible = 0;
			defaultConfigurationName = Release;
		};
/* End XCConfigurationList section */
	};
	rootObject = 65B7A9AA186D56A000D16576 /* Project object */;
}
